
Microsoft Visual Studio Solution File, Format Version 12.00
# Visual Studio 15
VisualStudioVersion = 15.0.27004.2009
MinimumVisualStudioVersion = 10.0.40219.1
Project("{8BC9CEB8-8B4A-11D0-8D11-00A0C91BC942}") = "NorAdrenaline", "NorAdrenaline\NorAdrenaline.vcxproj", "{2C7743DB-9187-4221-995B-C0CD3C17234C}"
EndProject
Project("{8BC9CEB8-8B4A-11D0-8D11-00A0C91BC942}") = "Loader", "Loader\Loader.vcxproj", "{2DC365C6-9C62-4B65-A976-D4EF3E2BE9DD}"
EndProject
Global
	GlobalSection(SolutionConfigurationPlatforms) = preSolution
		Debug|x64 = Debug|x64
		Debug|x86 = Debug|x86
		Release|x64 = Release|x64
		Release|x86 = Release|x86
	EndGlobalSection
	GlobalSection(ProjectConfigurationPlatforms) = postSolution
		{2C7743DB-9187-4221-995B-C0CD3C17234C}.Debug|x64.ActiveCfg = Debug|x64
		{2C7743DB-9187-4221-995B-C0CD3C17234C}.Debug|x64.Build.0 = Debug|x64
		{2C7743DB-9187-4221-995B-C0CD3C17234C}.Debug|x86.ActiveCfg = Debug|Win32
		{2C7743DB-9187-4221-995B-C0CD3C17234C}.Debug|x86.Build.0 = Debug|Win32
		{2C7743DB-9187-4221-995B-C0CD3C17234C}.Release|x64.ActiveCfg = Release|x64
		{2C7743DB-9187-4221-995B-C0CD3C17234C}.Release|x64.Build.0 = Release|x64
		{2C7743DB-9187-4221-995B-C0CD3C17234C}.Release|x86.ActiveCfg = Release|Win32
		{2C7743DB-9187-4221-995B-C0CD3C17234C}.Release|x86.Build.0 = Release|Win32
		{2DC365C6-9C62-4B65-A976-D4EF3E2BE9DD}.Debug|x64.ActiveCfg = Debug|x64
		{2DC365C6-9C62-4B65-A976-D4EF3E2BE9DD}.Debug|x64.Build.0 = Debug|x64
		{2DC365C6-9C62-4B65-A976-D4EF3E2BE9DD}.Debug|x86.ActiveCfg = Debug|Win32
		{2DC365C6-9C62-4B65-A976-D4EF3E2BE9DD}.Debug|x86.Build.0 = Debug|Win32
		{2DC365C6-9C62-4B65-A976-D4EF3E2BE9DD}.Release|x64.ActiveCfg = Release|x64
		{2DC365C6-9C62-4B65-A976-D4EF3E2BE9DD}.Release|x64.Build.0 = Release|x64
		{2DC365C6-9C62-4B65-A976-D4EF3E2BE9DD}.Release|x86.ActiveCfg = Release|Win32
		{2DC365C6-9C62-4B65-A976-D4EF3E2BE9DD}.Release|x86.Build.0 = Release|Win32
	EndGlobalSection
	GlobalSection(SolutionProperties) = preSolution
		HideSolutionNode = FALSE
	EndGlobalSection
	GlobalSection(ExtensibilityGlobals) = postSolution
		SolutionGuid = {768CE29E-B077-487E-8AFC-900A23E4B69C}
	EndGlobalSection
EndGlobal
